
Microsoft Visual Studio Solution File, Format Version 12.00
# Visual Studio Version 16
VisualStudioVersion = 16.0.31624.102
MinimumVisualStudioVersion = 10.0.40219.1
Project("{FAE04EC0-301F-11D3-BF4B-00C04F79EFBC}") = "Cafe", "Capes\Cafe.csproj", "{23E9DAB1-28FD-4E3B-9830-68828272AAB9}"
EndProject
Project("{FAE04EC0-301F-11D3-BF4B-00C04F79EFBC}") = "BLL", "BLL\BLL.csproj", "{1B475B6B-5F2E-4317-9BAF-B362A2DB4FC1}"
EndProject
Global
	GlobalSection(SolutionConfigurationPlatforms) = preSolution
		Debug|Any CPU = Debug|Any CPU
		Release|Any CPU = Release|Any CPU
	EndGlobalSection
	GlobalSection(ProjectConfigurationPlatforms) = postSolution
		{23E9DAB1-28FD-4E3B-9830-68828272AAB9}.Debug|Any CPU.ActiveCfg = Debug|Any CPU
		{23E9DAB1-28FD-4E3B-9830-68828272AAB9}.Debug|Any CPU.Build.0 = Debug|Any CPU
		{23E9DAB1-28FD-4E3B-9830-68828272AAB9}.Release|Any CPU.ActiveCfg = Release|Any CPU
		{23E9DAB1-28FD-4E3B-9830-68828272AAB9}.Release|Any CPU.Build.0 = Release|Any CPU
		{1B475B6B-5F2E-4317-9BAF-B362A2DB4FC1}.Debug|Any CPU.ActiveCfg = Debug|Any CPU
		{1B475B6B-5F2E-4317-9BAF-B362A2DB4FC1}.Debug|Any CPU.Build.0 = Debug|Any CPU
		{1B475B6B-5F2E-4317-9BAF-B362A2DB4FC1}.Release|Any CPU.ActiveCfg = Release|Any CPU
		{1B475B6B-5F2E-4317-9BAF-B362A2DB4FC1}.Release|Any CPU.Build.0 = Release|Any CPU
	EndGlobalSection
	GlobalSection(SolutionProperties) = preSolution
		HideSolutionNode = FALSE
	EndGlobalSection
	GlobalSection(ExtensibilityGlobals) = postSolution
		SolutionGuid = {8E18EB04-C7B0-4174-A047-DF3BFA45D226}
	EndGlobalSection
EndGlobal
